// !$*UTF8*$!
{
	archiveVersion = 1;
	classes = {
	};
	objectVersion = 46;
	objects = {

/* Begin PBXBuildFile section */
		643F960F1D8BCF0100EDBBBB /* KGNAutoLayoutTestsBetween.swift in Sources */ = {isa = PBXBuildFile; fileRef = 643F96071D8BCF0100EDBBBB /* KGNAutoLayoutTestsBetween.swift */; };
		643F96101D8BCF0100EDBBBB /* KGNAutoLayoutTestsBetween.swift in Sources */ = {isa = PBXBuildFile; fileRef = 643F96071D8BCF0100EDBBBB /* KGNAutoLayoutTestsBetween.swift */; };
		643F96111D8BCF0100EDBBBB /* KGNAutoLayoutTestsBound.swift in Sources */ = {isa = PBXBuildFile; fileRef = 643F96081D8BCF0100EDBBBB /* KGNAutoLayoutTestsBound.swift */; };
		643F96121D8BCF0100EDBBBB /* KGNAutoLayoutTestsBound.swift in Sources */ = {isa = PBXBuildFile; fileRef = 643F96081D8BCF0100EDBBBB /* KGNAutoLayoutTestsBound.swift */; };
		643F96131D8BCF0200EDBBBB /* KGNAutoLayoutTestsCenter.swift in Sources */ = {isa = PBXBuildFile; fileRef = 643F96091D8BCF0100EDBBBB /* KGNAutoLayoutTestsCenter.swift */; };
		643F96141D8BCF0200EDBBBB /* KGNAutoLayoutTestsCenter.swift in Sources */ = {isa = PBXBuildFile; fileRef = 643F96091D8BCF0100EDBBBB /* KGNAutoLayoutTestsCenter.swift */; };
		643F96151D8BCF0200EDBBBB /* KGNAutoLayoutTestsFill.swift in Sources */ = {isa = PBXBuildFile; fileRef = 643F960A1D8BCF0100EDBBBB /* KGNAutoLayoutTestsFill.swift */; };
		643F96161D8BCF0200EDBBBB /* KGNAutoLayoutTestsFill.swift in Sources */ = {isa = PBXBuildFile; fileRef = 643F960A1D8BCF0100EDBBBB /* KGNAutoLayoutTestsFill.swift */; };
		643F96171D8BCF0200EDBBBB /* KGNAutoLayoutTestsPinEdges.swift in Sources */ = {isa = PBXBuildFile; fileRef = 643F960B1D8BCF0100EDBBBB /* KGNAutoLayoutTestsPinEdges.swift */; };
		643F96181D8BCF0200EDBBBB /* KGNAutoLayoutTestsPinEdges.swift in Sources */ = {isa = PBXBuildFile; fileRef = 643F960B1D8BCF0100EDBBBB /* KGNAutoLayoutTestsPinEdges.swift */; };
		643F96191D8BCF0200EDBBBB /* KGNAutoLayoutTestsPinSuperview.swift in Sources */ = {isa = PBXBuildFile; fileRef = 643F960C1D8BCF0100EDBBBB /* KGNAutoLayoutTestsPinSuperview.swift */; };
		643F961A1D8BCF0200EDBBBB /* KGNAutoLayoutTestsPinSuperview.swift in Sources */ = {isa = PBXBuildFile; fileRef = 643F960C1D8BCF0100EDBBBB /* KGNAutoLayoutTestsPinSuperview.swift */; };
		643F961B1D8BCF0200EDBBBB /* KGNAutoLayoutTestsPosition.swift in Sources */ = {isa = PBXBuildFile; fileRef = 643F960D1D8BCF0100EDBBBB /* KGNAutoLayoutTestsPosition.swift */; };
		643F961C1D8BCF0200EDBBBB /* KGNAutoLayoutTestsPosition.swift in Sources */ = {isa = PBXBuildFile; fileRef = 643F960D1D8BCF0100EDBBBB /* KGNAutoLayoutTestsPosition.swift */; };
		643F961D1D8BCF0200EDBBBB /* KGNAutoLayoutTestsSize.swift in Sources */ = {isa = PBXBuildFile; fileRef = 643F960E1D8BCF0100EDBBBB /* KGNAutoLayoutTestsSize.swift */; };
		643F961E1D8BCF0200EDBBBB /* KGNAutoLayoutTestsSize.swift in Sources */ = {isa = PBXBuildFile; fileRef = 643F960E1D8BCF0100EDBBBB /* KGNAutoLayoutTestsSize.swift */; };
		64D31D1E1D2B0A57009B93CA /* KGNAutoLayout.h in Headers */ = {isa = PBXBuildFile; fileRef = 83720E241BCB973700C8A14D /* KGNAutoLayout.h */; settings = {ATTRIBUTES = (Public, ); }; };
		64D31D2B1D2B0B04009B93CA /* KGNAutoLayoutTests.swift in Sources */ = {isa = PBXBuildFile; fileRef = 83720E301BCB973700C8A14D /* KGNAutoLayoutTests.swift */; };
		64D31D311D2B0B68009B93CA /* KGNAutoLayout.framework in Frameworks */ = {isa = PBXBuildFile; fileRef = 64D31D161D2B0A0D009B93CA /* KGNAutoLayout.framework */; };
		64D31D321D2B0BD7009B93CA /* KGNAutoLayout.swift in Sources */ = {isa = PBXBuildFile; fileRef = 83B95AA41BCB978C000FA7C9 /* KGNAutoLayout.swift */; };
		64EF09611D3043D400274984 /* AppDelegate.swift in Sources */ = {isa = PBXBuildFile; fileRef = 64EF09601D3043D400274984 /* AppDelegate.swift */; };
		64EF09681D3043D400274984 /* Assets.xcassets in Resources */ = {isa = PBXBuildFile; fileRef = 64EF09671D3043D400274984 /* Assets.xcassets */; };
		64EF096D1D30441900274984 /* LayoutView.swift in Sources */ = {isa = PBXBuildFile; fileRef = 83797CCD1BDB5B2F00D63A40 /* LayoutView.swift */; };
		64EF096E1D30441900274984 /* ItemView.swift in Sources */ = {isa = PBXBuildFile; fileRef = 83DBD37E1BDB7B7200F017E4 /* ItemView.swift */; };
		64EF096F1D30441900274984 /* SpringView.swift in Sources */ = {isa = PBXBuildFile; fileRef = 838CE7C41BDC542500185494 /* SpringView.swift */; };
		64EF09701D30441900274984 /* SnapshotView.swift in Sources */ = {isa = PBXBuildFile; fileRef = 83797CCB1BDB55F000D63A40 /* SnapshotView.swift */; };
		64EF09711D30441900274984 /* ReadmeViewController.swift in Sources */ = {isa = PBXBuildFile; fileRef = 83797CC81BDB51F700D63A40 /* ReadmeViewController.swift */; };
		64EF09751D31685900274984 /* KGNAutoLayout.framework in Frameworks */ = {isa = PBXBuildFile; fileRef = 64D31D161D2B0A0D009B93CA /* KGNAutoLayout.framework */; };
		64EF09771D31687D00274984 /* KGNAutoLayout.framework in Copy Frameworks */ = {isa = PBXBuildFile; fileRef = 64D31D161D2B0A0D009B93CA /* KGNAutoLayout.framework */; settings = {ATTRIBUTES = (CodeSignOnCopy, RemoveHeadersOnCopy, ); }; };
		83720E251BCB973700C8A14D /* KGNAutoLayout.h in Headers */ = {isa = PBXBuildFile; fileRef = 83720E241BCB973700C8A14D /* KGNAutoLayout.h */; settings = {ATTRIBUTES = (Public, ); }; };
		83720E2C1BCB973700C8A14D /* KGNAutoLayout.framework in Frameworks */ = {isa = PBXBuildFile; fileRef = 83720E211BCB973700C8A14D /* KGNAutoLayout.framework */; };
		83720E311BCB973700C8A14D /* KGNAutoLayoutTests.swift in Sources */ = {isa = PBXBuildFile; fileRef = 83720E301BCB973700C8A14D /* KGNAutoLayoutTests.swift */; };
		8376BC011BD6AA290084754D /* AppDelegate.swift in Sources */ = {isa = PBXBuildFile; fileRef = 8376BC001BD6AA290084754D /* AppDelegate.swift */; };
		8376BC0B1BD6AA290084754D /* LaunchScreen.storyboard in Resources */ = {isa = PBXBuildFile; fileRef = 8376BC091BD6AA290084754D /* LaunchScreen.storyboard */; };
		8376BC161BD6B8900084754D /* The Resistance.jpg in Resources */ = {isa = PBXBuildFile; fileRef = 8376BC121BD6B8900084754D /* The Resistance.jpg */; };
		8376BC171BD6B8900084754D /* Drink The Sea.jpg in Resources */ = {isa = PBXBuildFile; fileRef = 8376BC131BD6B8900084754D /* Drink The Sea.jpg */; };
		8376BC191BD6B8900084754D /* Broken Bells.jpg in Resources */ = {isa = PBXBuildFile; fileRef = 8376BC151BD6B8900084754D /* Broken Bells.jpg */; };
		8376BC1A1BD6B8990084754D /* Albums.plist in Resources */ = {isa = PBXBuildFile; fileRef = 8376BC101BD6B87F0084754D /* Albums.plist */; };
		8376BC1C1BD6C6520084754D /* PageViewController.swift in Sources */ = {isa = PBXBuildFile; fileRef = 8376BC1B1BD6C6520084754D /* PageViewController.swift */; };
		8376BC1E1BD6C65D0084754D /* AlbumViewController.swift in Sources */ = {isa = PBXBuildFile; fileRef = 8376BC1D1BD6C65D0084754D /* AlbumViewController.swift */; };
		8376BC211BD6DBC80084754D /* TrackTableViewCell.swift in Sources */ = {isa = PBXBuildFile; fileRef = 8376BC201BD6DBC80084754D /* TrackTableViewCell.swift */; };
		83B95AA51BCB978C000FA7C9 /* KGNAutoLayout.swift in Sources */ = {isa = PBXBuildFile; fileRef = 83B95AA41BCB978C000FA7C9 /* KGNAutoLayout.swift */; };
		83D2AA531BDA05A6004A6F07 /* KGNAutoLayout.framework in Frameworks */ = {isa = PBXBuildFile; fileRef = 83720E211BCB973700C8A14D /* KGNAutoLayout.framework */; };
		83D2AA541BDA05A6004A6F07 /* KGNAutoLayout.framework in Embed Frameworks */ = {isa = PBXBuildFile; fileRef = 83720E211BCB973700C8A14D /* KGNAutoLayout.framework */; settings = {ATTRIBUTES = (CodeSignOnCopy, RemoveHeadersOnCopy, ); }; };
/* End PBXBuildFile section */

/* Begin PBXContainerItemProxy section */
		64D31D2F1D2B0B60009B93CA /* PBXContainerItemProxy */ = {
			isa = PBXContainerItemProxy;
			containerPortal = 83720E181BCB973700C8A14D /* Project object */;
			proxyType = 1;
			remoteGlobalIDString = 64D31D151D2B0A0D009B93CA;
			remoteInfo = "KGNAutoLayout-tvOS";
		};
		64EF09731D31683D00274984 /* PBXContainerItemProxy */ = {
			isa = PBXContainerItemProxy;
			containerPortal = 83720E181BCB973700C8A14D /* Project object */;
			proxyType = 1;
			remoteGlobalIDString = 64D31D151D2B0A0D009B93CA;
			remoteInfo = "KGNAutoLayout-tvOS";
		};
		83720E2D1BCB973700C8A14D /* PBXContainerItemProxy */ = {
			isa = PBXContainerItemProxy;
			containerPortal = 83720E181BCB973700C8A14D /* Project object */;
			proxyType = 1;
			remoteGlobalIDString = 83720E201BCB973700C8A14D;
			remoteInfo = KGNAutoLayout;
		};
		83D2AA551BDA05A6004A6F07 /* PBXContainerItemProxy */ = {
			isa = PBXContainerItemProxy;
			containerPortal = 83720E181BCB973700C8A14D /* Project object */;
			proxyType = 1;
			remoteGlobalIDString = 83720E201BCB973700C8A14D;
			remoteInfo = KGNAutoLayout;
		};
/* End PBXContainerItemProxy section */

/* Begin PBXCopyFilesBuildPhase section */
		64EF09761D31686F00274984 /* Copy Frameworks */ = {
			isa = PBXCopyFilesBuildPhase;
			buildActionMask = 2147483647;
			dstPath = "";
			dstSubfolderSpec = 10;
			files = (
				64EF09771D31687D00274984 /* KGNAutoLayout.framework in Copy Frameworks */,
			);
			name = "Copy Frameworks";
			runOnlyForDeploymentPostprocessing = 0;
		};
		83D2AA571BDA05A6004A6F07 /* Embed Frameworks */ = {
			isa = PBXCopyFilesBuildPhase;
			buildActionMask = 2147483647;
			dstPath = "";
			dstSubfolderSpec = 10;
			files = (
				83D2AA541BDA05A6004A6F07 /* KGNAutoLayout.framework in Embed Frameworks */,
			);
			name = "Embed Frameworks";
			runOnlyForDeploymentPostprocessing = 0;
		};
/* End PBXCopyFilesBuildPhase section */

/* Begin PBXFileReference section */
		643F96071D8BCF0100EDBBBB /* KGNAutoLayoutTestsBetween.swift */ = {isa = PBXFileReference; fileEncoding = 4; lastKnownFileType = sourcecode.swift; path = KGNAutoLayoutTestsBetween.swift; sourceTree = "<group>"; };
		643F96081D8BCF0100EDBBBB /* KGNAutoLayoutTestsBound.swift */ = {isa = PBXFileReference; fileEncoding = 4; lastKnownFileType = sourcecode.swift; path = KGNAutoLayoutTestsBound.swift; sourceTree = "<group>"; };
		643F96091D8BCF0100EDBBBB /* KGNAutoLayoutTestsCenter.swift */ = {isa = PBXFileReference; fileEncoding = 4; lastKnownFileType = sourcecode.swift; path = KGNAutoLayoutTestsCenter.swift; sourceTree = "<group>"; };
		643F960A1D8BCF0100EDBBBB /* KGNAutoLayoutTestsFill.swift */ = {isa = PBXFileReference; fileEncoding = 4; lastKnownFileType = sourcecode.swift; path = KGNAutoLayoutTestsFill.swift; sourceTree = "<group>"; };
		643F960B1D8BCF0100EDBBBB /* KGNAutoLayoutTestsPinEdges.swift */ = {isa = PBXFileReference; fileEncoding = 4; lastKnownFileType = sourcecode.swift; path = KGNAutoLayoutTestsPinEdges.swift; sourceTree = "<group>"; };
		643F960C1D8BCF0100EDBBBB /* KGNAutoLayoutTestsPinSuperview.swift */ = {isa = PBXFileReference; fileEncoding = 4; lastKnownFileType = sourcecode.swift; path = KGNAutoLayoutTestsPinSuperview.swift; sourceTree = "<group>"; };
		643F960D1D8BCF0100EDBBBB /* KGNAutoLayoutTestsPosition.swift */ = {isa = PBXFileReference; fileEncoding = 4; lastKnownFileType = sourcecode.swift; path = KGNAutoLayoutTestsPosition.swift; sourceTree = "<group>"; };
		643F960E1D8BCF0100EDBBBB /* KGNAutoLayoutTestsSize.swift */ = {isa = PBXFileReference; fileEncoding = 4; lastKnownFileType = sourcecode.swift; path = KGNAutoLayoutTestsSize.swift; sourceTree = "<group>"; };
		64A3DB921D2B042A006B8B16 /* .travis.yml */ = {isa = PBXFileReference; lastKnownFileType = text; path = .travis.yml; sourceTree = "<group>"; };
		64ADECEC1DB4A09300FDFD32 /* KGNAutoLayout.podspec */ = {isa = PBXFileReference; lastKnownFileType = text; path = KGNAutoLayout.podspec; sourceTree = "<group>"; };
		64D31D161D2B0A0D009B93CA /* KGNAutoLayout.framework */ = {isa = PBXFileReference; explicitFileType = wrapper.framework; includeInIndex = 0; path = KGNAutoLayout.framework; sourceTree = BUILT_PRODUCTS_DIR; };
		64D31D231D2B0A72009B93CA /* KGNAutoLayoutTests-tvOS.xctest */ = {isa = PBXFileReference; explicitFileType = wrapper.cfbundle; includeInIndex = 0; path = "KGNAutoLayoutTests-tvOS.xctest"; sourceTree = BUILT_PRODUCTS_DIR; };
		64EF095E1D3043D400274984 /* KGNAutoLayoutReadme.app */ = {isa = PBXFileReference; explicitFileType = wrapper.application; includeInIndex = 0; path = KGNAutoLayoutReadme.app; sourceTree = BUILT_PRODUCTS_DIR; };
		64EF09601D3043D400274984 /* AppDelegate.swift */ = {isa = PBXFileReference; lastKnownFileType = sourcecode.swift; path = AppDelegate.swift; sourceTree = "<group>"; };
		64EF09671D3043D400274984 /* Assets.xcassets */ = {isa = PBXFileReference; lastKnownFileType = folder.assetcatalog; path = Assets.xcassets; sourceTree = "<group>"; };
		64EF09691D3043D400274984 /* Info.plist */ = {isa = PBXFileReference; lastKnownFileType = text.plist.xml; path = Info.plist; sourceTree = "<group>"; };
		83720E211BCB973700C8A14D /* KGNAutoLayout.framework */ = {isa = PBXFileReference; explicitFileType = wrapper.framework; includeInIndex = 0; path = KGNAutoLayout.framework; sourceTree = BUILT_PRODUCTS_DIR; };
		83720E241BCB973700C8A14D /* KGNAutoLayout.h */ = {isa = PBXFileReference; lastKnownFileType = sourcecode.c.h; path = KGNAutoLayout.h; sourceTree = "<group>"; };
		83720E261BCB973700C8A14D /* Info.plist */ = {isa = PBXFileReference; lastKnownFileType = text.plist.xml; path = Info.plist; sourceTree = "<group>"; };
		83720E2B1BCB973700C8A14D /* KGNAutoLayoutTests-iOS.xctest */ = {isa = PBXFileReference; explicitFileType = wrapper.cfbundle; includeInIndex = 0; path = "KGNAutoLayoutTests-iOS.xctest"; sourceTree = BUILT_PRODUCTS_DIR; };
		83720E301BCB973700C8A14D /* KGNAutoLayoutTests.swift */ = {isa = PBXFileReference; lastKnownFileType = sourcecode.swift; path = KGNAutoLayoutTests.swift; sourceTree = "<group>"; };
		83720E321BCB973700C8A14D /* Info.plist */ = {isa = PBXFileReference; lastKnownFileType = text.plist.xml; path = Info.plist; sourceTree = "<group>"; };
		8376BBFE1BD6AA290084754D /* KGNAutoLayoutExample.app */ = {isa = PBXFileReference; explicitFileType = wrapper.application; includeInIndex = 0; path = KGNAutoLayoutExample.app; sourceTree = BUILT_PRODUCTS_DIR; };
		8376BC001BD6AA290084754D /* AppDelegate.swift */ = {isa = PBXFileReference; lastKnownFileType = sourcecode.swift; path = AppDelegate.swift; sourceTree = "<group>"; };
		8376BC0A1BD6AA290084754D /* Base */ = {isa = PBXFileReference; lastKnownFileType = file.storyboard; name = Base; path = Base.lproj/LaunchScreen.storyboard; sourceTree = "<group>"; };
		8376BC0C1BD6AA290084754D /* Info.plist */ = {isa = PBXFileReference; lastKnownFileType = text.plist.xml; path = Info.plist; sourceTree = "<group>"; };
		8376BC101BD6B87F0084754D /* Albums.plist */ = {isa = PBXFileReference; fileEncoding = 4; lastKnownFileType = text.plist.xml; path = Albums.plist; sourceTree = "<group>"; };
		8376BC121BD6B8900084754D /* The Resistance.jpg */ = {isa = PBXFileReference; lastKnownFileType = image.jpeg; path = "The Resistance.jpg"; sourceTree = "<group>"; };
		8376BC131BD6B8900084754D /* Drink The Sea.jpg */ = {isa = PBXFileReference; lastKnownFileType = image.jpeg; path = "Drink The Sea.jpg"; sourceTree = "<group>"; };
		8376BC151BD6B8900084754D /* Broken Bells.jpg */ = {isa = PBXFileReference; lastKnownFileType = image.jpeg; path = "Broken Bells.jpg"; sourceTree = "<group>"; };
		8376BC1B1BD6C6520084754D /* PageViewController.swift */ = {isa = PBXFileReference; fileEncoding = 4; lastKnownFileType = sourcecode.swift; path = PageViewController.swift; sourceTree = "<group>"; };
		8376BC1D1BD6C65D0084754D /* AlbumViewController.swift */ = {isa = PBXFileReference; fileEncoding = 4; lastKnownFileType = sourcecode.swift; path = AlbumViewController.swift; sourceTree = "<group>"; };
		8376BC201BD6DBC80084754D /* TrackTableViewCell.swift */ = {isa = PBXFileReference; fileEncoding = 4; lastKnownFileType = sourcecode.swift; path = TrackTableViewCell.swift; sourceTree = "<group>"; };
		83797CC81BDB51F700D63A40 /* ReadmeViewController.swift */ = {isa = PBXFileReference; fileEncoding = 4; lastKnownFileType = sourcecode.swift; path = ReadmeViewController.swift; sourceTree = "<group>"; };
		83797CCB1BDB55F000D63A40 /* SnapshotView.swift */ = {isa = PBXFileReference; fileEncoding = 4; lastKnownFileType = sourcecode.swift; path = SnapshotView.swift; sourceTree = "<group>"; };
		83797CCD1BDB5B2F00D63A40 /* LayoutView.swift */ = {isa = PBXFileReference; fileEncoding = 4; lastKnownFileType = sourcecode.swift; path = LayoutView.swift; sourceTree = "<group>"; };
		838CE7C41BDC542500185494 /* SpringView.swift */ = {isa = PBXFileReference; fileEncoding = 4; lastKnownFileType = sourcecode.swift; path = SpringView.swift; sourceTree = "<group>"; };
		83B95AA41BCB978C000FA7C9 /* KGNAutoLayout.swift */ = {isa = PBXFileReference; fileEncoding = 4; lastKnownFileType = sourcecode.swift; path = KGNAutoLayout.swift; sourceTree = "<group>"; };
		83DBD37E1BDB7B7200F017E4 /* ItemView.swift */ = {isa = PBXFileReference; fileEncoding = 4; lastKnownFileType = sourcecode.swift; path = ItemView.swift; sourceTree = "<group>"; };
/* End PBXFileReference section */

/* Begin PBXFrameworksBuildPhase section */
		64D31D121D2B0A0D009B93CA /* Frameworks */ = {
			isa = PBXFrameworksBuildPhase;
			buildActionMask = 2147483647;
			files = (
			);
			runOnlyForDeploymentPostprocessing = 0;
		};
		64D31D201D2B0A72009B93CA /* Frameworks */ = {
			isa = PBXFrameworksBuildPhase;
			buildActionMask = 2147483647;
			files = (
				64D31D311D2B0B68009B93CA /* KGNAutoLayout.framework in Frameworks */,
			);
			runOnlyForDeploymentPostprocessing = 0;
		};
		64EF095B1D3043D400274984 /* Frameworks */ = {
			isa = PBXFrameworksBuildPhase;
			buildActionMask = 2147483647;
			files = (
				64EF09751D31685900274984 /* KGNAutoLayout.framework in Frameworks */,
			);
			runOnlyForDeploymentPostprocessing = 0;
		};
		83720E1D1BCB973700C8A14D /* Frameworks */ = {
			isa = PBXFrameworksBuildPhase;
			buildActionMask = 2147483647;
			files = (
			);
			runOnlyForDeploymentPostprocessing = 0;
		};
		83720E281BCB973700C8A14D /* Frameworks */ = {
			isa = PBXFrameworksBuildPhase;
			buildActionMask = 2147483647;
			files = (
				83720E2C1BCB973700C8A14D /* KGNAutoLayout.framework in Frameworks */,
			);
			runOnlyForDeploymentPostprocessing = 0;
		};
		8376BBFB1BD6AA290084754D /* Frameworks */ = {
			isa = PBXFrameworksBuildPhase;
			buildActionMask = 2147483647;
			files = (
				83D2AA531BDA05A6004A6F07 /* KGNAutoLayout.framework in Frameworks */,
			);
			runOnlyForDeploymentPostprocessing = 0;
		};
/* End PBXFrameworksBuildPhase section */

/* Begin PBXGroup section */
		64EF095F1D3043D400274984 /* Readme */ = {
			isa = PBXGroup;
			children = (
				64EF09601D3043D400274984 /* AppDelegate.swift */,
				83797CCA1BDB55D400D63A40 /* Readme Examples */,
				64EF09671D3043D400274984 /* Assets.xcassets */,
				64EF09691D3043D400274984 /* Info.plist */,
			);
			name = Readme;
			path = ReadmeExample;
			sourceTree = "<group>";
		};
		64EF09721D30445A00274984 /* Examples */ = {
			isa = PBXGroup;
			children = (
				8376BBFF1BD6AA290084754D /* Artwork */,
				64EF095F1D3043D400274984 /* Readme */,
			);
			name = Examples;
			sourceTree = "<group>";
		};
		835594E61BD6E1A100F0DDB2 /* Data */ = {
			isa = PBXGroup;
			children = (
				8376BC101BD6B87F0084754D /* Albums.plist */,
				8376BC121BD6B8900084754D /* The Resistance.jpg */,
				8376BC131BD6B8900084754D /* Drink The Sea.jpg */,
				8376BC151BD6B8900084754D /* Broken Bells.jpg */,
			);
			name = Data;
			sourceTree = "<group>";
		};
		83720E171BCB973700C8A14D = {
			isa = PBXGroup;
			children = (
				64A3DB921D2B042A006B8B16 /* .travis.yml */,
				64ADECEC1DB4A09300FDFD32 /* KGNAutoLayout.podspec */,
				64EF09721D30445A00274984 /* Examples */,
				83720E231BCB973700C8A14D /* Source */,
				83720E2F1BCB973700C8A14D /* Tests */,
				83720E221BCB973700C8A14D /* Products */,
			);
			sourceTree = "<group>";
		};
		83720E221BCB973700C8A14D /* Products */ = {
			isa = PBXGroup;
			children = (
				83720E211BCB973700C8A14D /* KGNAutoLayout.framework */,
				83720E2B1BCB973700C8A14D /* KGNAutoLayoutTests-iOS.xctest */,
				8376BBFE1BD6AA290084754D /* KGNAutoLayoutExample.app */,
				64D31D161D2B0A0D009B93CA /* KGNAutoLayout.framework */,
				64D31D231D2B0A72009B93CA /* KGNAutoLayoutTests-tvOS.xctest */,
				64EF095E1D3043D400274984 /* KGNAutoLayoutReadme.app */,
			);
			name = Products;
			sourceTree = "<group>";
		};
		83720E231BCB973700C8A14D /* Source */ = {
			isa = PBXGroup;
			children = (
				83720E261BCB973700C8A14D /* Info.plist */,
				83720E241BCB973700C8A14D /* KGNAutoLayout.h */,
				83B95AA41BCB978C000FA7C9 /* KGNAutoLayout.swift */,
			);
			path = Source;
			sourceTree = "<group>";
		};
		83720E2F1BCB973700C8A14D /* Tests */ = {
			isa = PBXGroup;
			children = (
				83720E321BCB973700C8A14D /* Info.plist */,
				83720E301BCB973700C8A14D /* KGNAutoLayoutTests.swift */,
				643F96071D8BCF0100EDBBBB /* KGNAutoLayoutTestsBetween.swift */,
				643F96081D8BCF0100EDBBBB /* KGNAutoLayoutTestsBound.swift */,
				643F96091D8BCF0100EDBBBB /* KGNAutoLayoutTestsCenter.swift */,
				643F960A1D8BCF0100EDBBBB /* KGNAutoLayoutTestsFill.swift */,
				643F960B1D8BCF0100EDBBBB /* KGNAutoLayoutTestsPinEdges.swift */,
				643F960C1D8BCF0100EDBBBB /* KGNAutoLayoutTestsPinSuperview.swift */,
				643F960D1D8BCF0100EDBBBB /* KGNAutoLayoutTestsPosition.swift */,
				643F960E1D8BCF0100EDBBBB /* KGNAutoLayoutTestsSize.swift */,
			);
			path = Tests;
			sourceTree = "<group>";
		};
		8376BBFF1BD6AA290084754D /* Artwork */ = {
			isa = PBXGroup;
			children = (
				8376BC001BD6AA290084754D /* AppDelegate.swift */,
				8376BC1B1BD6C6520084754D /* PageViewController.swift */,
				8376BC1D1BD6C65D0084754D /* AlbumViewController.swift */,
				8376BC201BD6DBC80084754D /* TrackTableViewCell.swift */,
				8376BC091BD6AA290084754D /* LaunchScreen.storyboard */,
				8376BC0C1BD6AA290084754D /* Info.plist */,
				835594E61BD6E1A100F0DDB2 /* Data */,
			);
			name = Artwork;
			path = Example;
			sourceTree = "<group>";
		};
		83797CCA1BDB55D400D63A40 /* Readme Examples */ = {
			isa = PBXGroup;
			children = (
				83797CCD1BDB5B2F00D63A40 /* LayoutView.swift */,
				83DBD37E1BDB7B7200F017E4 /* ItemView.swift */,
				838CE7C41BDC542500185494 /* SpringView.swift */,
				83797CCB1BDB55F000D63A40 /* SnapshotView.swift */,
				83797CC81BDB51F700D63A40 /* ReadmeViewController.swift */,
			);
			name = "Readme Examples";
			path = ../Example;
			sourceTree = "<group>";
		};
/* End PBXGroup section */

/* Begin PBXHeadersBuildPhase section */
		64D31D131D2B0A0D009B93CA /* Headers */ = {
			isa = PBXHeadersBuildPhase;
			buildActionMask = 2147483647;
			files = (
				64D31D1E1D2B0A57009B93CA /* KGNAutoLayout.h in Headers */,
			);
			runOnlyForDeploymentPostprocessing = 0;
		};
		83720E1E1BCB973700C8A14D /* Headers */ = {
			isa = PBXHeadersBuildPhase;
			buildActionMask = 2147483647;
			files = (
				83720E251BCB973700C8A14D /* KGNAutoLayout.h in Headers */,
			);
			runOnlyForDeploymentPostprocessing = 0;
		};
/* End PBXHeadersBuildPhase section */

/* Begin PBXNativeTarget section */
		64D31D151D2B0A0D009B93CA /* KGNAutoLayout-tvOS */ = {
			isa = PBXNativeTarget;
			buildConfigurationList = 64D31D1B1D2B0A0D009B93CA /* Build configuration list for PBXNativeTarget "KGNAutoLayout-tvOS" */;
			buildPhases = (
				64D31D111D2B0A0D009B93CA /* Sources */,
				64D31D121D2B0A0D009B93CA /* Frameworks */,
				64D31D131D2B0A0D009B93CA /* Headers */,
				64D31D141D2B0A0D009B93CA /* Resources */,
			);
			buildRules = (
			);
			dependencies = (
			);
			name = "KGNAutoLayout-tvOS";
			productName = KGNAutoLayout;
			productReference = 64D31D161D2B0A0D009B93CA /* KGNAutoLayout.framework */;
			productType = "com.apple.product-type.framework";
		};
		64D31D221D2B0A72009B93CA /* KGNAutoLayoutTests-tvOS */ = {
			isa = PBXNativeTarget;
			buildConfigurationList = 64D31D281D2B0A72009B93CA /* Build configuration list for PBXNativeTarget "KGNAutoLayoutTests-tvOS" */;
			buildPhases = (
				64D31D1F1D2B0A72009B93CA /* Sources */,
				64D31D201D2B0A72009B93CA /* Frameworks */,
				64D31D211D2B0A72009B93CA /* Resources */,
			);
			buildRules = (
			);
			dependencies = (
				64D31D301D2B0B60009B93CA /* PBXTargetDependency */,
			);
			name = "KGNAutoLayoutTests-tvOS";
			productName = "KGNAutoLayoutTests-tvOS";
			productReference = 64D31D231D2B0A72009B93CA /* KGNAutoLayoutTests-tvOS.xctest */;
			productType = "com.apple.product-type.bundle.ui-testing";
		};
		64EF095D1D3043D400274984 /* KGNAutoLayoutReadme */ = {
			isa = PBXNativeTarget;
			buildConfigurationList = 64EF096C1D3043D400274984 /* Build configuration list for PBXNativeTarget "KGNAutoLayoutReadme" */;
			buildPhases = (
				64EF095A1D3043D400274984 /* Sources */,
				64EF095B1D3043D400274984 /* Frameworks */,
				64EF095C1D3043D400274984 /* Resources */,
				64EF09761D31686F00274984 /* Copy Frameworks */,
			);
			buildRules = (
			);
			dependencies = (
				64EF09741D31683D00274984 /* PBXTargetDependency */,
			);
			name = KGNAutoLayoutReadme;
			productName = ReadmeExample;
			productReference = 64EF095E1D3043D400274984 /* KGNAutoLayoutReadme.app */;
			productType = "com.apple.product-type.application";
		};
		83720E201BCB973700C8A14D /* KGNAutoLayout-iOS */ = {
			isa = PBXNativeTarget;
			buildConfigurationList = 83720E351BCB973700C8A14D /* Build configuration list for PBXNativeTarget "KGNAutoLayout-iOS" */;
			buildPhases = (
				83720E1C1BCB973700C8A14D /* Sources */,
				83720E1D1BCB973700C8A14D /* Frameworks */,
				83720E1E1BCB973700C8A14D /* Headers */,
				83720E1F1BCB973700C8A14D /* Resources */,
			);
			buildRules = (
			);
			dependencies = (
			);
			name = "KGNAutoLayout-iOS";
			productName = KGNAutoLayout;
			productReference = 83720E211BCB973700C8A14D /* KGNAutoLayout.framework */;
			productType = "com.apple.product-type.framework";
		};
		83720E2A1BCB973700C8A14D /* KGNAutoLayoutTests-iOS */ = {
			isa = PBXNativeTarget;
			buildConfigurationList = 83720E381BCB973700C8A14D /* Build configuration list for PBXNativeTarget "KGNAutoLayoutTests-iOS" */;
			buildPhases = (
				83720E271BCB973700C8A14D /* Sources */,
				83720E281BCB973700C8A14D /* Frameworks */,
				83720E291BCB973700C8A14D /* Resources */,
			);
			buildRules = (
			);
			dependencies = (
				83720E2E1BCB973700C8A14D /* PBXTargetDependency */,
			);
			name = "KGNAutoLayoutTests-iOS";
			productName = KGNAutoLayoutTests;
			productReference = 83720E2B1BCB973700C8A14D /* KGNAutoLayoutTests-iOS.xctest */;
			productType = "com.apple.product-type.bundle.unit-test";
		};
		8376BBFD1BD6AA290084754D /* KGNAutoLayoutExample */ = {
			isa = PBXNativeTarget;
			buildConfigurationList = 8376BC0F1BD6AA290084754D /* Build configuration list for PBXNativeTarget "KGNAutoLayoutExample" */;
			buildPhases = (
				8376BBFA1BD6AA290084754D /* Sources */,
				8376BBFB1BD6AA290084754D /* Frameworks */,
				8376BBFC1BD6AA290084754D /* Resources */,
				83D2AA571BDA05A6004A6F07 /* Embed Frameworks */,
			);
			buildRules = (
			);
			dependencies = (
				83D2AA561BDA05A6004A6F07 /* PBXTargetDependency */,
			);
			name = KGNAutoLayoutExample;
			productName = KGNAutoLayoutExample;
			productReference = 8376BBFE1BD6AA290084754D /* KGNAutoLayoutExample.app */;
			productType = "com.apple.product-type.application";
		};
/* End PBXNativeTarget section */

/* Begin PBXProject section */
		83720E181BCB973700C8A14D /* Project object */ = {
			isa = PBXProject;
			attributes = {
				LastSwiftUpdateCheck = 0800;
				LastUpgradeCheck = 1000;
				ORGANIZATIONNAME = "David Keegan";
				TargetAttributes = {
					64D31D151D2B0A0D009B93CA = {
						CreatedOnToolsVersion = 7.3.1;
						LastSwiftMigration = 0900;
					};
					64D31D221D2B0A72009B93CA = {
						CreatedOnToolsVersion = 7.3.1;
						LastSwiftMigration = 0900;
					};
					64EF095D1D3043D400274984 = {
						CreatedOnToolsVersion = 8.0;
						DevelopmentTeamName = "David Keegan";
						LastSwiftMigration = 0800;
						ProvisioningStyle = Automatic;
					};
					83720E201BCB973700C8A14D = {
						CreatedOnToolsVersion = 7.1;
						LastSwiftMigration = 0900;
					};
					83720E2A1BCB973700C8A14D = {
						CreatedOnToolsVersion = 7.1;
						LastSwiftMigration = 0900;
					};
					8376BBFD1BD6AA290084754D = {
						CreatedOnToolsVersion = 7.0.1;
						LastSwiftMigration = 0800;
					};
				};
			};
			buildConfigurationList = 83720E1B1BCB973700C8A14D /* Build configuration list for PBXProject "KGNAutoLayout" */;
			compatibilityVersion = "Xcode 3.2";
			developmentRegion = English;
			hasScannedForEncodings = 0;
			knownRegions = (
				en,
				Base,
			);
			mainGroup = 83720E171BCB973700C8A14D;
			productRefGroup = 83720E221BCB973700C8A14D /* Products */;
			projectDirPath = "";
			projectRoot = "";
			targets = (
				83720E201BCB973700C8A14D /* KGNAutoLayout-iOS */,
				83720E2A1BCB973700C8A14D /* KGNAutoLayoutTests-iOS */,
				8376BBFD1BD6AA290084754D /* KGNAutoLayoutExample */,
				64D31D151D2B0A0D009B93CA /* KGNAutoLayout-tvOS */,
				64D31D221D2B0A72009B93CA /* KGNAutoLayoutTests-tvOS */,
				64EF095D1D3043D400274984 /* KGNAutoLayoutReadme */,
			);
		};
/* End PBXProject section */

/* Begin PBXResourcesBuildPhase section */
		64D31D141D2B0A0D009B93CA /* Resources */ = {
			isa = PBXResourcesBuildPhase;
			buildActionMask = 2147483647;
			files = (
			);
			runOnlyForDeploymentPostprocessing = 0;
		};
		64D31D211D2B0A72009B93CA /* Resources */ = {
			isa = PBXResourcesBuildPhase;
			buildActionMask = 2147483647;
			files = (
			);
			runOnlyForDeploymentPostprocessing = 0;
		};
		64EF095C1D3043D400274984 /* Resources */ = {
			isa = PBXResourcesBuildPhase;
			buildActionMask = 2147483647;
			files = (
				64EF09681D3043D400274984 /* Assets.xcassets in Resources */,
			);
			runOnlyForDeploymentPostprocessing = 0;
		};
		83720E1F1BCB973700C8A14D /* Resources */ = {
			isa = PBXResourcesBuildPhase;
			buildActionMask = 2147483647;
			files = (
			);
			runOnlyForDeploymentPostprocessing = 0;
		};
		83720E291BCB973700C8A14D /* Resources */ = {
			isa = PBXResourcesBuildPhase;
			buildActionMask = 2147483647;
			files = (
			);
			runOnlyForDeploymentPostprocessing = 0;
		};
		8376BBFC1BD6AA290084754D /* Resources */ = {
			isa = PBXResourcesBuildPhase;
			buildActionMask = 2147483647;
			files = (
				8376BC0B1BD6AA290084754D /* LaunchScreen.storyboard in Resources */,
				8376BC1A1BD6B8990084754D /* Albums.plist in Resources */,
				8376BC191BD6B8900084754D /* Broken Bells.jpg in Resources */,
				8376BC171BD6B8900084754D /* Drink The Sea.jpg in Resources */,
				8376BC161BD6B8900084754D /* The Resistance.jpg in Resources */,
			);
			runOnlyForDeploymentPostprocessing = 0;
		};
/* End PBXResourcesBuildPhase section */

/* Begin PBXSourcesBuildPhase section */
		64D31D111D2B0A0D009B93CA /* Sources */ = {
			isa = PBXSourcesBuildPhase;
			buildActionMask = 2147483647;
			files = (
				64D31D321D2B0BD7009B93CA /* KGNAutoLayout.swift in Sources */,
			);
			runOnlyForDeploymentPostprocessing = 0;
		};
		64D31D1F1D2B0A72009B93CA /* Sources */ = {
			isa = PBXSourcesBuildPhase;
			buildActionMask = 2147483647;
			files = (
				643F96141D8BCF0200EDBBBB /* KGNAutoLayoutTestsCenter.swift in Sources */,
				643F96121D8BCF0100EDBBBB /* KGNAutoLayoutTestsBound.swift in Sources */,
				643F96181D8BCF0200EDBBBB /* KGNAutoLayoutTestsPinEdges.swift in Sources */,
				643F96161D8BCF0200EDBBBB /* KGNAutoLayoutTestsFill.swift in Sources */,
				643F961C1D8BCF0200EDBBBB /* KGNAutoLayoutTestsPosition.swift in Sources */,
				643F96101D8BCF0100EDBBBB /* KGNAutoLayoutTestsBetween.swift in Sources */,
				64D31D2B1D2B0B04009B93CA /* KGNAutoLayoutTests.swift in Sources */,
				643F961A1D8BCF0200EDBBBB /* KGNAutoLayoutTestsPinSuperview.swift in Sources */,
				643F961E1D8BCF0200EDBBBB /* KGNAutoLayoutTestsSize.swift in Sources */,
			);
			runOnlyForDeploymentPostprocessing = 0;
		};
		64EF095A1D3043D400274984 /* Sources */ = {
			isa = PBXSourcesBuildPhase;
			buildActionMask = 2147483647;
			files = (
				64EF09711D30441900274984 /* ReadmeViewController.swift in Sources */,
				64EF09701D30441900274984 /* SnapshotView.swift in Sources */,
				64EF096D1D30441900274984 /* LayoutView.swift in Sources */,
				64EF096F1D30441900274984 /* SpringView.swift in Sources */,
				64EF096E1D30441900274984 /* ItemView.swift in Sources */,
				64EF09611D3043D400274984 /* AppDelegate.swift in Sources */,
			);
			runOnlyForDeploymentPostprocessing = 0;
		};
		83720E1C1BCB973700C8A14D /* Sources */ = {
			isa = PBXSourcesBuildPhase;
			buildActionMask = 2147483647;
			files = (
				83B95AA51BCB978C000FA7C9 /* KGNAutoLayout.swift in Sources */,
			);
			runOnlyForDeploymentPostprocessing = 0;
		};
		83720E271BCB973700C8A14D /* Sources */ = {
			isa = PBXSourcesBuildPhase;
			buildActionMask = 2147483647;
			files = (
				643F96131D8BCF0200EDBBBB /* KGNAutoLayoutTestsCenter.swift in Sources */,
				643F96111D8BCF0100EDBBBB /* KGNAutoLayoutTestsBound.swift in Sources */,
				643F96171D8BCF0200EDBBBB /* KGNAutoLayoutTestsPinEdges.swift in Sources */,
				643F96151D8BCF0200EDBBBB /* KGNAutoLayoutTestsFill.swift in Sources */,
				643F961B1D8BCF0200EDBBBB /* KGNAutoLayoutTestsPosition.swift in Sources */,
				643F960F1D8BCF0100EDBBBB /* KGNAutoLayoutTestsBetween.swift in Sources */,
				83720E311BCB973700C8A14D /* KGNAutoLayoutTests.swift in Sources */,
				643F96191D8BCF0200EDBBBB /* KGNAutoLayoutTestsPinSuperview.swift in Sources */,
				643F961D1D8BCF0200EDBBBB /* KGNAutoLayoutTestsSize.swift in Sources */,
			);
			runOnlyForDeploymentPostprocessing = 0;
		};
		8376BBFA1BD6AA290084754D /* Sources */ = {
			isa = PBXSourcesBuildPhase;
			buildActionMask = 2147483647;
			files = (
				8376BC1E1BD6C65D0084754D /* AlbumViewController.swift in Sources */,
				8376BC011BD6AA290084754D /* AppDelegate.swift in Sources */,
				8376BC1C1BD6C6520084754D /* PageViewController.swift in Sources */,
				8376BC211BD6DBC80084754D /* TrackTableViewCell.swift in Sources */,
			);
			runOnlyForDeploymentPostprocessing = 0;
		};
/* End PBXSourcesBuildPhase section */

/* Begin PBXTargetDependency section */
		64D31D301D2B0B60009B93CA /* PBXTargetDependency */ = {
			isa = PBXTargetDependency;
			target = 64D31D151D2B0A0D009B93CA /* KGNAutoLayout-tvOS */;
			targetProxy = 64D31D2F1D2B0B60009B93CA /* PBXContainerItemProxy */;
		};
		64EF09741D31683D00274984 /* PBXTargetDependency */ = {
			isa = PBXTargetDependency;
			target = 64D31D151D2B0A0D009B93CA /* KGNAutoLayout-tvOS */;
			targetProxy = 64EF09731D31683D00274984 /* PBXContainerItemProxy */;
		};
		83720E2E1BCB973700C8A14D /* PBXTargetDependency */ = {
			isa = PBXTargetDependency;
			target = 83720E201BCB973700C8A14D /* KGNAutoLayout-iOS */;
			targetProxy = 83720E2D1BCB973700C8A14D /* PBXContainerItemProxy */;
		};
		83D2AA561BDA05A6004A6F07 /* PBXTargetDependency */ = {
			isa = PBXTargetDependency;
			target = 83720E201BCB973700C8A14D /* KGNAutoLayout-iOS */;
			targetProxy = 83D2AA551BDA05A6004A6F07 /* PBXContainerItemProxy */;
		};
/* End PBXTargetDependency section */

/* Begin PBXVariantGroup section */
		8376BC091BD6AA290084754D /* LaunchScreen.storyboard */ = {
			isa = PBXVariantGroup;
			children = (
				8376BC0A1BD6AA290084754D /* Base */,
			);
			name = LaunchScreen.storyboard;
			sourceTree = "<group>";
		};
/* End PBXVariantGroup section */

/* Begin XCBuildConfiguration section */
		64D31D1C1D2B0A0D009B93CA /* Debug */ = {
			isa = XCBuildConfiguration;
			buildSettings = {
				APPLICATION_EXTENSION_API_ONLY = YES;
				CLANG_ANALYZER_NONNULL = YES;
				"CODE_SIGN_IDENTITY[sdk=appletvos*]" = "";
				DEFINES_MODULE = YES;
				DYLIB_COMPATIBILITY_VERSION = 1;
				DYLIB_CURRENT_VERSION = 1;
				DYLIB_INSTALL_NAME_BASE = "@rpath";
				INFOPLIST_FILE = Source/Info.plist;
				INSTALL_PATH = "$(LOCAL_LIBRARY_DIR)/Frameworks";
				LD_RUNPATH_SEARCH_PATHS = "$(inherited) @executable_path/Frameworks @loader_path/Frameworks";
				PRODUCT_BUNDLE_IDENTIFIER = com.davidkeegan.KGNAutoLayout;
				PRODUCT_NAME = KGNAutoLayout;
				SDKROOT = appletvos;
				SKIP_INSTALL = YES;
				SWIFT_VERSION = 4.0;
				TARGETED_DEVICE_FAMILY = 3;
				TVOS_DEPLOYMENT_TARGET = 9.0;
			};
			name = Debug;
		};
		64D31D1D1D2B0A0D009B93CA /* Release */ = {
			isa = XCBuildConfiguration;
			buildSettings = {
				APPLICATION_EXTENSION_API_ONLY = YES;
				CLANG_ANALYZER_NONNULL = YES;
				"CODE_SIGN_IDENTITY[sdk=appletvos*]" = "";
				DEFINES_MODULE = YES;
				DYLIB_COMPATIBILITY_VERSION = 1;
				DYLIB_CURRENT_VERSION = 1;
				DYLIB_INSTALL_NAME_BASE = "@rpath";
				INFOPLIST_FILE = Source/Info.plist;
				INSTALL_PATH = "$(LOCAL_LIBRARY_DIR)/Frameworks";
				LD_RUNPATH_SEARCH_PATHS = "$(inherited) @executable_path/Frameworks @loader_path/Frameworks";
				PRODUCT_BUNDLE_IDENTIFIER = com.davidkeegan.KGNAutoLayout;
				PRODUCT_NAME = KGNAutoLayout;
				SDKROOT = appletvos;
				SKIP_INSTALL = YES;
				SWIFT_OPTIMIZATION_LEVEL = "-Owholemodule";
				SWIFT_VERSION = 4.0;
				TARGETED_DEVICE_FAMILY = 3;
				TVOS_DEPLOYMENT_TARGET = 9.0;
			};
			name = Release;
		};
		64D31D291D2B0A72009B93CA /* Debug */ = {
			isa = XCBuildConfiguration;
			buildSettings = {
				CLANG_ANALYZER_NONNULL = YES;
				INFOPLIST_FILE = Tests/Info.plist;
				LD_RUNPATH_SEARCH_PATHS = "$(inherited) @executable_path/Frameworks @loader_path/Frameworks";
				PRODUCT_BUNDLE_IDENTIFIER = "com.davidkeegan.$(TARGET_NAME)";
				PRODUCT_NAME = "$(TARGET_NAME)";
				SDKROOT = appletvos;
				SWIFT_VERSION = 4.0;
				TVOS_DEPLOYMENT_TARGET = 9.2;
			};
			name = Debug;
		};
		64D31D2A1D2B0A72009B93CA /* Release */ = {
			isa = XCBuildConfiguration;
			buildSettings = {
				CLANG_ANALYZER_NONNULL = YES;
				INFOPLIST_FILE = Tests/Info.plist;
				LD_RUNPATH_SEARCH_PATHS = "$(inherited) @executable_path/Frameworks @loader_path/Frameworks";
				PRODUCT_BUNDLE_IDENTIFIER = "com.davidkeegan.$(TARGET_NAME)";
				PRODUCT_NAME = "$(TARGET_NAME)";
				SDKROOT = appletvos;
				SWIFT_OPTIMIZATION_LEVEL = "-Owholemodule";
				SWIFT_VERSION = 4.0;
				TVOS_DEPLOYMENT_TARGET = 9.2;
			};
			name = Release;
		};
		64EF096A1D3043D400274984 /* Debug */ = {
			isa = XCBuildConfiguration;
			buildSettings = {
				ASSETCATALOG_COMPILER_APPICON_NAME = "App Icon & Top Shelf Image";
				ASSETCATALOG_COMPILER_LAUNCHIMAGE_NAME = LaunchImage;
				CLANG_ANALYZER_NONNULL = YES;
				CLANG_WARN_DOCUMENTATION_COMMENTS = YES;
				DEVELOPMENT_TEAM = "";
				INFOPLIST_FILE = ReadmeExample/Info.plist;
				LD_RUNPATH_SEARCH_PATHS = "$(inherited) @executable_path/Frameworks";
				PRODUCT_BUNDLE_IDENTIFIER = com.davidkeegan.KGNAutoLayoutReadme;
				PRODUCT_NAME = "$(TARGET_NAME)";
				SDKROOT = appletvos;
				SWIFT_ACTIVE_COMPILATION_CONDITIONS = DEBUG;
				SWIFT_VERSION = 4.0;
				TARGETED_DEVICE_FAMILY = 3;
				TVOS_DEPLOYMENT_TARGET = 10.0;
			};
			name = Debug;
		};
		64EF096B1D3043D400274984 /* Release */ = {
			isa = XCBuildConfiguration;
			buildSettings = {
				ASSETCATALOG_COMPILER_APPICON_NAME = "App Icon & Top Shelf Image";
				ASSETCATALOG_COMPILER_LAUNCHIMAGE_NAME = LaunchImage;
				CLANG_ANALYZER_NONNULL = YES;
				CLANG_WARN_DOCUMENTATION_COMMENTS = YES;
				DEVELOPMENT_TEAM = "";
				INFOPLIST_FILE = ReadmeExample/Info.plist;
				LD_RUNPATH_SEARCH_PATHS = "$(inherited) @executable_path/Frameworks";
				PRODUCT_BUNDLE_IDENTIFIER = com.davidkeegan.KGNAutoLayoutReadme;
				PRODUCT_NAME = "$(TARGET_NAME)";
				SDKROOT = appletvos;
				SWIFT_OPTIMIZATION_LEVEL = "-Owholemodule";
				SWIFT_VERSION = 4.0;
				TARGETED_DEVICE_FAMILY = 3;
				TVOS_DEPLOYMENT_TARGET = 10.0;
			};
			name = Release;
		};
		83720E331BCB973700C8A14D /* Debug */ = {
			isa = XCBuildConfiguration;
			buildSettings = {
				ALWAYS_SEARCH_USER_PATHS = NO;
				CLANG_CXX_LANGUAGE_STANDARD = "gnu++0x";
				CLANG_CXX_LIBRARY = "libc++";
				CLANG_ENABLE_MODULES = YES;
				CLANG_ENABLE_OBJC_ARC = YES;
				CLANG_WARN_BLOCK_CAPTURE_AUTORELEASING = YES;
				CLANG_WARN_BOOL_CONVERSION = YES;
				CLANG_WARN_COMMA = YES;
				CLANG_WARN_CONSTANT_CONVERSION = YES;
				CLANG_WARN_DEPRECATED_OBJC_IMPLEMENTATIONS = YES;
				CLANG_WARN_DIRECT_OBJC_ISA_USAGE = YES_ERROR;
				CLANG_WARN_EMPTY_BODY = YES;
				CLANG_WARN_ENUM_CONVERSION = YES;
				CLANG_WARN_INFINITE_RECURSION = YES;
				CLANG_WARN_INT_CONVERSION = YES;
				CLANG_WARN_NON_LITERAL_NULL_CONVERSION = YES;
				CLANG_WARN_OBJC_IMPLICIT_RETAIN_SELF = YES;
				CLANG_WARN_OBJC_LITERAL_CONVERSION = YES;
				CLANG_WARN_OBJC_ROOT_CLASS = YES_ERROR;
				CLANG_WARN_RANGE_LOOP_ANALYSIS = YES;
				CLANG_WARN_STRICT_PROTOTYPES = YES;
				CLANG_WARN_SUSPICIOUS_MOVE = YES;
				CLANG_WARN_UNREACHABLE_CODE = YES;
				CLANG_WARN__DUPLICATE_METHOD_MATCH = YES;
				"CODE_SIGN_IDENTITY[sdk=iphoneos*]" = "iPhone Developer";
				COPY_PHASE_STRIP = NO;
				CURRENT_PROJECT_VERSION = 1;
				DEBUG_INFORMATION_FORMAT = dwarf;
				ENABLE_STRICT_OBJC_MSGSEND = YES;
				ENABLE_TESTABILITY = YES;
				GCC_C_LANGUAGE_STANDARD = gnu99;
				GCC_DYNAMIC_NO_PIC = NO;
				GCC_NO_COMMON_BLOCKS = YES;
				GCC_OPTIMIZATION_LEVEL = 0;
				GCC_PREPROCESSOR_DEFINITIONS = (
					"DEBUG=1",
					"$(inherited)",
				);
				GCC_WARN_64_TO_32_BIT_CONVERSION = YES;
				GCC_WARN_ABOUT_RETURN_TYPE = YES_ERROR;
				GCC_WARN_UNDECLARED_SELECTOR = YES;
				GCC_WARN_UNINITIALIZED_AUTOS = YES_AGGRESSIVE;
				GCC_WARN_UNUSED_FUNCTION = YES;
				GCC_WARN_UNUSED_VARIABLE = YES;
				IPHONEOS_DEPLOYMENT_TARGET = 9.1;
				MTL_ENABLE_DEBUG_INFO = YES;
				ONLY_ACTIVE_ARCH = YES;
				SDKROOT = iphoneos;
				SWIFT_OPTIMIZATION_LEVEL = "-Onone";
				TARGETED_DEVICE_FAMILY = "1,2";
				VERSIONING_SYSTEM = "apple-generic";
				VERSION_INFO_PREFIX = "";
			};
			name = Debug;
		};
		83720E341BCB973700C8A14D /* Release */ = {
			isa = XCBuildConfiguration;
			buildSettings = {
				ALWAYS_SEARCH_USER_PATHS = NO;
				CLANG_CXX_LANGUAGE_STANDARD = "gnu++0x";
				CLANG_CXX_LIBRARY = "libc++";
				CLANG_ENABLE_MODULES = YES;
				CLANG_ENABLE_OBJC_ARC = YES;
				CLANG_WARN_BLOCK_CAPTURE_AUTORELEASING = YES;
				CLANG_WARN_BOOL_CONVERSION = YES;
				CLANG_WARN_COMMA = YES;
				CLANG_WARN_CONSTANT_CONVERSION = YES;
				CLANG_WARN_DEPRECATED_OBJC_IMPLEMENTATIONS = YES;
				CLANG_WARN_DIRECT_OBJC_ISA_USAGE = YES_ERROR;
				CLANG_WARN_EMPTY_BODY = YES;
				CLANG_WARN_ENUM_CONVERSION = YES;
				CLANG_WARN_INFINITE_RECURSION = YES;
				CLANG_WARN_INT_CONVERSION = YES;
				CLANG_WARN_NON_LITERAL_NULL_CONVERSION = YES;
				CLANG_WARN_OBJC_IMPLICIT_RETAIN_SELF = YES;
				CLANG_WARN_OBJC_LITERAL_CONVERSION = YES;
				CLANG_WARN_OBJC_ROOT_CLASS = YES_ERROR;
				CLANG_WARN_RANGE_LOOP_ANALYSIS = YES;
				CLANG_WARN_STRICT_PROTOTYPES = YES;
				CLANG_WARN_SUSPICIOUS_MOVE = YES;
				CLANG_WARN_UNREACHABLE_CODE = YES;
				CLANG_WARN__DUPLICATE_METHOD_MATCH = YES;
				"CODE_SIGN_IDENTITY[sdk=iphoneos*]" = "iPhone Developer";
				COPY_PHASE_STRIP = NO;
				CURRENT_PROJECT_VERSION = 1;
				DEBUG_INFORMATION_FORMAT = "dwarf-with-dsym";
				ENABLE_NS_ASSERTIONS = NO;
				ENABLE_STRICT_OBJC_MSGSEND = YES;
				GCC_C_LANGUAGE_STANDARD = gnu99;
				GCC_NO_COMMON_BLOCKS = YES;
				GCC_WARN_64_TO_32_BIT_CONVERSION = YES;
				GCC_WARN_ABOUT_RETURN_TYPE = YES_ERROR;
				GCC_WARN_UNDECLARED_SELECTOR = YES;
				GCC_WARN_UNINITIALIZED_AUTOS = YES_AGGRESSIVE;
				GCC_WARN_UNUSED_FUNCTION = YES;
				GCC_WARN_UNUSED_VARIABLE = YES;
				IPHONEOS_DEPLOYMENT_TARGET = 9.1;
				MTL_ENABLE_DEBUG_INFO = NO;
				SDKROOT = iphoneos;
				TARGETED_DEVICE_FAMILY = "1,2";
				VALIDATE_PRODUCT = YES;
				VERSIONING_SYSTEM = "apple-generic";
				VERSION_INFO_PREFIX = "";
			};
			name = Release;
		};
		83720E361BCB973700C8A14D /* Debug */ = {
			isa = XCBuildConfiguration;
			buildSettings = {
				APPLICATION_EXTENSION_API_ONLY = YES;
				CLANG_ENABLE_MODULES = YES;
				"CODE_SIGN_IDENTITY[sdk=iphoneos*]" = "";
				DEFINES_MODULE = YES;
				DYLIB_COMPATIBILITY_VERSION = 1;
				DYLIB_CURRENT_VERSION = 1;
				DYLIB_INSTALL_NAME_BASE = "@rpath";
				INFOPLIST_FILE = Source/Info.plist;
				INSTALL_PATH = "$(LOCAL_LIBRARY_DIR)/Frameworks";
				IPHONEOS_DEPLOYMENT_TARGET = 8.0;
				LD_RUNPATH_SEARCH_PATHS = "$(inherited) @executable_path/Frameworks @loader_path/Frameworks";
				PRODUCT_BUNDLE_IDENTIFIER = com.davidkeegan.KGNAutoLayout;
				PRODUCT_NAME = KGNAutoLayout;
				SKIP_INSTALL = YES;
				SWIFT_OPTIMIZATION_LEVEL = "-Onone";
				SWIFT_VERSION = 4.0;
			};
			name = Debug;
		};
		83720E371BCB973700C8A14D /* Release */ = {
			isa = XCBuildConfiguration;
			buildSettings = {
				APPLICATION_EXTENSION_API_ONLY = YES;
				CLANG_ENABLE_MODULES = YES;
				"CODE_SIGN_IDENTITY[sdk=iphoneos*]" = "";
				DEFINES_MODULE = YES;
				DYLIB_COMPATIBILITY_VERSION = 1;
				DYLIB_CURRENT_VERSION = 1;
				DYLIB_INSTALL_NAME_BASE = "@rpath";
				INFOPLIST_FILE = Source/Info.plist;
				INSTALL_PATH = "$(LOCAL_LIBRARY_DIR)/Frameworks";
				IPHONEOS_DEPLOYMENT_TARGET = 8.0;
				LD_RUNPATH_SEARCH_PATHS = "$(inherited) @executable_path/Frameworks @loader_path/Frameworks";
				PRODUCT_BUNDLE_IDENTIFIER = com.davidkeegan.KGNAutoLayout;
				PRODUCT_NAME = KGNAutoLayout;
				SKIP_INSTALL = YES;
				SWIFT_OPTIMIZATION_LEVEL = "-Owholemodule";
				SWIFT_VERSION = 4.0;
			};
			name = Release;
		};
		83720E391BCB973700C8A14D /* Debug */ = {
			isa = XCBuildConfiguration;
			buildSettings = {
				INFOPLIST_FILE = Tests/Info.plist;
				IPHONEOS_DEPLOYMENT_TARGET = 8.0;
				LD_RUNPATH_SEARCH_PATHS = "$(inherited) @executable_path/Frameworks @loader_path/Frameworks";
				PRODUCT_BUNDLE_IDENTIFIER = "com.davidkeegan.$(TARGET_NAME)";
				PRODUCT_NAME = "$(TARGET_NAME)";
				SWIFT_VERSION = 4.0;
			};
			name = Debug;
		};
		83720E3A1BCB973700C8A14D /* Release */ = {
			isa = XCBuildConfiguration;
			buildSettings = {
				INFOPLIST_FILE = Tests/Info.plist;
				IPHONEOS_DEPLOYMENT_TARGET = 8.0;
				LD_RUNPATH_SEARCH_PATHS = "$(inherited) @executable_path/Frameworks @loader_path/Frameworks";
				PRODUCT_BUNDLE_IDENTIFIER = "com.davidkeegan.$(TARGET_NAME)";
				PRODUCT_NAME = "$(TARGET_NAME)";
				SWIFT_OPTIMIZATION_LEVEL = "-Owholemodule";
				SWIFT_VERSION = 4.0;
			};
			name = Release;
		};
		8376BC0D1BD6AA290084754D /* Debug */ = {
			isa = XCBuildConfiguration;
			buildSettings = {
				ALWAYS_EMBED_SWIFT_STANDARD_LIBRARIES = YES;
				INFOPLIST_FILE = Example/Info.plist;
				IPHONEOS_DEPLOYMENT_TARGET = 8.0;
				LD_RUNPATH_SEARCH_PATHS = "$(inherited) @executable_path/Frameworks";
				PRODUCT_BUNDLE_IDENTIFIER = com.davidkeegan.KGNAutoLayoutExample;
				PRODUCT_NAME = "$(TARGET_NAME)";
				SWIFT_VERSION = 4.0;
				TARGETED_DEVICE_FAMILY = "1,2";
			};
			name = Debug;
		};
		8376BC0E1BD6AA290084754D /* Release */ = {
			isa = XCBuildConfiguration;
			buildSettings = {
				ALWAYS_EMBED_SWIFT_STANDARD_LIBRARIES = YES;
				INFOPLIST_FILE = Example/Info.plist;
				IPHONEOS_DEPLOYMENT_TARGET = 8.0;
				LD_RUNPATH_SEARCH_PATHS = "$(inherited) @executable_path/Frameworks";
				PRODUCT_BUNDLE_IDENTIFIER = com.davidkeegan.KGNAutoLayoutExample;
				PRODUCT_NAME = "$(TARGET_NAME)";
				SWIFT_OPTIMIZATION_LEVEL = "-Owholemodule";
				SWIFT_VERSION = 4.0;
				TARGETED_DEVICE_FAMILY = "1,2";
			};
			name = Release;
		};
/* End XCBuildConfiguration section */

/* Begin XCConfigurationList section */
		64D31D1B1D2B0A0D009B93CA /* Build configuration list for PBXNativeTarget "KGNAutoLayout-tvOS" */ = {
			isa = XCConfigurationList;
			buildConfigurations = (
				64D31D1C1D2B0A0D009B93CA /* Debug */,
				64D31D1D1D2B0A0D009B93CA /* Release */,
			);
			defaultConfigurationIsVisible = 0;
			defaultConfigurationName = Release;
		};
		64D31D281D2B0A72009B93CA /* Build configuration list for PBXNativeTarget "KGNAutoLayoutTests-tvOS" */ = {
			isa = XCConfigurationList;
			buildConfigurations = (
				64D31D291D2B0A72009B93CA /* Debug */,
				64D31D2A1D2B0A72009B93CA /* Release */,
			);
			defaultConfigurationIsVisible = 0;
			defaultConfigurationName = Release;
		};
		64EF096C1D3043D400274984 /* Build configuration list for PBXNativeTarget "KGNAutoLayoutReadme" */ = {
			isa = XCConfigurationList;
			buildConfigurations = (
				64EF096A1D3043D400274984 /* Debug */,
				64EF096B1D3043D400274984 /* Release */,
			);
			defaultConfigurationIsVisible = 0;
			defaultConfigurationName = Release;
		};
		83720E1B1BCB973700C8A14D /* Build configuration list for PBXProject "KGNAutoLayout" */ = {
			isa = XCConfigurationList;
			buildConfigurations = (
				83720E331BCB973700C8A14D /* Debug */,
				83720E341BCB973700C8A14D /* Release */,
			);
			defaultConfigurationIsVisible = 0;
			defaultConfigurationName = Release;
		};
		83720E351BCB973700C8A14D /* Build configuration list for PBXNativeTarget "KGNAutoLayout-iOS" */ = {
			isa = XCConfigurationList;
			buildConfigurations = (
				83720E361BCB973700C8A14D /* Debug */,
				83720E371BCB973700C8A14D /* Release */,
			);
			defaultConfigurationIsVisible = 0;
			defaultConfigurationName = Release;
		};
		83720E381BCB973700C8A14D /* Build configuration list for PBXNativeTarget "KGNAutoLayoutTests-iOS" */ = {
			isa = XCConfigurationList;
			buildConfigurations = (
				83720E391BCB973700C8A14D /* Debug */,
				83720E3A1BCB973700C8A14D /* Release */,
			);
			defaultConfigurationIsVisible = 0;
			defaultConfigurationName = Release;
		};
		8376BC0F1BD6AA290084754D /* Build configuration list for PBXNativeTarget "KGNAutoLayoutExample" */ = {
			isa = XCConfigurationList;
			buildConfigurations = (
				8376BC0D1BD6AA290084754D /* Debug */,
				8376BC0E1BD6AA290084754D /* Release */,
			);
			defaultConfigurationIsVisible = 0;
			defaultConfigurationName = Release;
		};
/* End XCConfigurationList section */
	};
	rootObject = 83720E181BCB973700C8A14D /* Project object */;
}
