// !$*UTF8*$!
{
	archiveVersion = 1;
	classes = {
	};
	objectVersion = 46;
	objects = {

/* Begin PBXBuildFile section */
		83720E251BCB973700C8A14D /* KGNAutoLayout.h in Headers */ = {isa = PBXBuildFile; fileRef = 83720E241BCB973700C8A14D /* KGNAutoLayout.h */; settings = {ATTRIBUTES = (Public, ); }; };
		83720E2C1BCB973700C8A14D /* KGNAutoLayout.framework in Frameworks */ = {isa = PBXBuildFile; fileRef = 83720E211BCB973700C8A14D /* KGNAutoLayout.framework */; };
		83720E311BCB973700C8A14D /* KGNAutoLayoutTests.swift in Sources */ = {isa = PBXBuildFile; fileRef = 83720E301BCB973700C8A14D /* KGNAutoLayoutTests.swift */; };
		83B95AA51BCB978C000FA7C9 /* KGNAutoLayout.swift in Sources */ = {isa = PBXBuildFile; fileRef = 83B95AA41BCB978C000FA7C9 /* KGNAutoLayout.swift */; };
/* End PBXBuildFile section */

/* Begin PBXContainerItemProxy section */
		83720E2D1BCB973700C8A14D /* PBXContainerItemProxy */ = {
			isa = PBXContainerItemProxy;
			containerPortal = 83720E181BCB973700C8A14D /* Project object */;
			proxyType = 1;
			remoteGlobalIDString = 83720E201BCB973700C8A14D;
			remoteInfo = KGNAutoLayout;
		};
/* End PBXContainerItemProxy section */

/* Begin PBXFileReference section */
		83720E211BCB973700C8A14D /* KGNAutoLayout.framework */ = {isa = PBXFileReference; explicitFileType = wrapper.framework; includeInIndex = 0; path = KGNAutoLayout.framework; sourceTree = BUILT_PRODUCTS_DIR; };
		83720E241BCB973700C8A14D /* KGNAutoLayout.h */ = {isa = PBXFileReference; lastKnownFileType = sourcecode.c.h; path = KGNAutoLayout.h; sourceTree = "<group>"; };
		83720E261BCB973700C8A14D /* Info.plist */ = {isa = PBXFileReference; lastKnownFileType = text.plist.xml; path = Info.plist; sourceTree = "<group>"; };
		83720E2B1BCB973700C8A14D /* KGNAutoLayoutTests.xctest */ = {isa = PBXFileReference; explicitFileType = wrapper.cfbundle; includeInIndex = 0; path = KGNAutoLayoutTests.xctest; sourceTree = BUILT_PRODUCTS_DIR; };
		83720E301BCB973700C8A14D /* KGNAutoLayoutTests.swift */ = {isa = PBXFileReference; lastKnownFileType = sourcecode.swift; path = KGNAutoLayoutTests.swift; sourceTree = "<group>"; };
		83720E321BCB973700C8A14D /* Info.plist */ = {isa = PBXFileReference; lastKnownFileType = text.plist.xml; path = Info.plist; sourceTree = "<group>"; };
		83B95AA41BCB978C000FA7C9 /* KGNAutoLayout.swift */ = {isa = PBXFileReference; fileEncoding = 4; lastKnownFileType = sourcecode.swift; path = KGNAutoLayout.swift; sourceTree = "<group>"; };
/* End PBXFileReference section */

/* Begin PBXFrameworksBuildPhase section */
		83720E1D1BCB973700C8A14D /* Frameworks */ = {
			isa = PBXFrameworksBuildPhase;
			buildActionMask = 2147483647;
			files = (
			);
			runOnlyForDeploymentPostprocessing = 0;
		};
		83720E281BCB973700C8A14D /* Frameworks */ = {
			isa = PBXFrameworksBuildPhase;
			buildActionMask = 2147483647;
			files = (
				83720E2C1BCB973700C8A14D /* KGNAutoLayout.framework in Frameworks */,
			);
			runOnlyForDeploymentPostprocessing = 0;
		};
/* End PBXFrameworksBuildPhase section */

/* Begin PBXGroup section */
		83720E171BCB973700C8A14D = {
			isa = PBXGroup;
			children = (
				83720E231BCB973700C8A14D /* Source */,
				83720E2F1BCB973700C8A14D /* Tests */,
				83720E221BCB973700C8A14D /* Products */,
			);
			sourceTree = "<group>";
		};
		83720E221BCB973700C8A14D /* Products */ = {
			isa = PBXGroup;
			children = (
				83720E211BCB973700C8A14D /* KGNAutoLayout.framework */,
				83720E2B1BCB973700C8A14D /* KGNAutoLayoutTests.xctest */,
			);
			name = Products;
			sourceTree = "<group>";
		};
		83720E231BCB973700C8A14D /* Source */ = {
			isa = PBXGroup;
			children = (
				83B95AA41BCB978C000FA7C9 /* KGNAutoLayout.swift */,
				83720E241BCB973700C8A14D /* KGNAutoLayout.h */,
				83720E261BCB973700C8A14D /* Info.plist */,
			);
			path = Source;
			sourceTree = "<group>";
		};
		83720E2F1BCB973700C8A14D /* Tests */ = {
			isa = PBXGroup;
			children = (
				83720E301BCB973700C8A14D /* KGNAutoLayoutTests.swift */,
				83720E321BCB973700C8A14D /* Info.plist */,
			);
			path = Tests;
			sourceTree = "<group>";
		};
/* End PBXGroup section */

/* Begin PBXHeadersBuildPhase section */
		83720E1E1BCB973700C8A14D /* Headers */ = {
			isa = PBXHeadersBuildPhase;
			buildActionMask = 2147483647;
			files = (
				83720E251BCB973700C8A14D /* KGNAutoLayout.h in Headers */,
			);
			runOnlyForDeploymentPostprocessing = 0;
		};
/* End PBXHeadersBuildPhase section */

/* Begin PBXNativeTarget section */
		83720E201BCB973700C8A14D /* KGNAutoLayout */ = {
			isa = PBXNativeTarget;
			buildConfigurationList = 83720E351BCB973700C8A14D /* Build configuration list for PBXNativeTarget "KGNAutoLayout" */;
			buildPhases = (
				83720E1C1BCB973700C8A14D /* Sources */,
				83720E1D1BCB973700C8A14D /* Frameworks */,
				83720E1E1BCB973700C8A14D /* Headers */,
				83720E1F1BCB973700C8A14D /* Resources */,
			);
			buildRules = (
			);
			dependencies = (
			);
			name = KGNAutoLayout;
			productName = KGNAutoLayout;
			productReference = 83720E211BCB973700C8A14D /* KGNAutoLayout.framework */;
			productType = "com.apple.product-type.framework";
		};
		83720E2A1BCB973700C8A14D /* KGNAutoLayoutTests */ = {
			isa = PBXNativeTarget;
			buildConfigurationList = 83720E381BCB973700C8A14D /* Build configuration list for PBXNativeTarget "KGNAutoLayoutTests" */;
			buildPhases = (
				83720E271BCB973700C8A14D /* Sources */,
				83720E281BCB973700C8A14D /* Frameworks */,
				83720E291BCB973700C8A14D /* Resources */,
			);
			buildRules = (
			);
			dependencies = (
				83720E2E1BCB973700C8A14D /* PBXTargetDependency */,
			);
			name = KGNAutoLayoutTests;
			productName = KGNAutoLayoutTests;
			productReference = 83720E2B1BCB973700C8A14D /* KGNAutoLayoutTests.xctest */;
			productType = "com.apple.product-type.bundle.unit-test";
		};
/* End PBXNativeTarget section */

/* Begin PBXProject section */
		83720E181BCB973700C8A14D /* Project object */ = {
			isa = PBXProject;
			attributes = {
				LastSwiftUpdateCheck = 0710;
				LastUpgradeCheck = 0710;
				ORGANIZATIONNAME = "David Keegan";
				TargetAttributes = {
					83720E201BCB973700C8A14D = {
						CreatedOnToolsVersion = 7.1;
					};
					83720E2A1BCB973700C8A14D = {
						CreatedOnToolsVersion = 7.1;
					};
				};
			};
			buildConfigurationList = 83720E1B1BCB973700C8A14D /* Build configuration list for PBXProject "KGNAutoLayout" */;
			compatibilityVersion = "Xcode 3.2";
			developmentRegion = English;
			hasScannedForEncodings = 0;
			knownRegions = (
				en,
			);
			mainGroup = 83720E171BCB973700C8A14D;
			productRefGroup = 83720E221BCB973700C8A14D /* Products */;
			projectDirPath = "";
			projectRoot = "";
			targets = (
				83720E201BCB973700C8A14D /* KGNAutoLayout */,
				83720E2A1BCB973700C8A14D /* KGNAutoLayoutTests */,
			);
		};
/* End PBXProject section */

/* Begin PBXResourcesBuildPhase section */
		83720E1F1BCB973700C8A14D /* Resources */ = {
			isa = PBXResourcesBuildPhase;
			buildActionMask = 2147483647;
			files = (
			);
			runOnlyForDeploymentPostprocessing = 0;
		};
		83720E291BCB973700C8A14D /* Resources */ = {
			isa = PBXResourcesBuildPhase;
			buildActionMask = 2147483647;
			files = (
			);
			runOnlyForDeploymentPostprocessing = 0;
		};
/* End PBXResourcesBuildPhase section */

/* Begin PBXSourcesBuildPhase section */
		83720E1C1BCB973700C8A14D /* Sources */ = {
			isa = PBXSourcesBuildPhase;
			buildActionMask = 2147483647;
			files = (
				83B95AA51BCB978C000FA7C9 /* KGNAutoLayout.swift in Sources */,
			);
			runOnlyForDeploymentPostprocessing = 0;
		};
		83720E271BCB973700C8A14D /* Sources */ = {
			isa = PBXSourcesBuildPhase;
			buildActionMask = 2147483647;
			files = (
				83720E311BCB973700C8A14D /* KGNAutoLayoutTests.swift in Sources */,
			);
			runOnlyForDeploymentPostprocessing = 0;
		};
/* End PBXSourcesBuildPhase section */

/* Begin PBXTargetDependency section */
		83720E2E1BCB973700C8A14D /* PBXTargetDependency */ = {
			isa = PBXTargetDependency;
			target = 83720E201BCB973700C8A14D /* KGNAutoLayout */;
			targetProxy = 83720E2D1BCB973700C8A14D /* PBXContainerItemProxy */;
		};
/* End PBXTargetDependency section */

/* Begin XCBuildConfiguration section */
		83720E331BCB973700C8A14D /* Debug */ = {
			isa = XCBuildConfiguration;
			buildSettings = {
				ALWAYS_SEARCH_USER_PATHS = NO;
				CLANG_CXX_LANGUAGE_STANDARD = "gnu++0x";
				CLANG_CXX_LIBRARY = "libc++";
				CLANG_ENABLE_MODULES = YES;
				CLANG_ENABLE_OBJC_ARC = YES;
				CLANG_WARN_BOOL_CONVERSION = YES;
				CLANG_WARN_CONSTANT_CONVERSION = YES;
				CLANG_WARN_DIRECT_OBJC_ISA_USAGE = YES_ERROR;
				CLANG_WARN_EMPTY_BODY = YES;
				CLANG_WARN_ENUM_CONVERSION = YES;
				CLANG_WARN_INT_CONVERSION = YES;
				CLANG_WARN_OBJC_ROOT_CLASS = YES_ERROR;
				CLANG_WARN_UNREACHABLE_CODE = YES;
				CLANG_WARN__DUPLICATE_METHOD_MATCH = YES;
				"CODE_SIGN_IDENTITY[sdk=iphoneos*]" = "iPhone Developer";
				COPY_PHASE_STRIP = NO;
				CURRENT_PROJECT_VERSION = 1;
				DEBUG_INFORMATION_FORMAT = dwarf;
				ENABLE_STRICT_OBJC_MSGSEND = YES;
				ENABLE_TESTABILITY = YES;
				GCC_C_LANGUAGE_STANDARD = gnu99;
				GCC_DYNAMIC_NO_PIC = NO;
				GCC_NO_COMMON_BLOCKS = YES;
				GCC_OPTIMIZATION_LEVEL = 0;
				GCC_PREPROCESSOR_DEFINITIONS = (
					"DEBUG=1",
					"$(inherited)",
				);
				GCC_WARN_64_TO_32_BIT_CONVERSION = YES;
				GCC_WARN_ABOUT_RETURN_TYPE = YES_ERROR;
				GCC_WARN_UNDECLARED_SELECTOR = YES;
				GCC_WARN_UNINITIALIZED_AUTOS = YES_AGGRESSIVE;
				GCC_WARN_UNUSED_FUNCTION = YES;
				GCC_WARN_UNUSED_VARIABLE = YES;
				IPHONEOS_DEPLOYMENT_TARGET = 9.1;
				MTL_ENABLE_DEBUG_INFO = YES;
				ONLY_ACTIVE_ARCH = YES;
				SDKROOT = iphoneos;
				SWIFT_OPTIMIZATION_LEVEL = "-Onone";
				TARGETED_DEVICE_FAMILY = "1,2";
				VERSIONING_SYSTEM = "apple-generic";
				VERSION_INFO_PREFIX = "";
			};
			name = Debug;
		};
		83720E341BCB973700C8A14D /* Release */ = {
			isa = XCBuildConfiguration;
			buildSettings = {
				ALWAYS_SEARCH_USER_PATHS = NO;
				CLANG_CXX_LANGUAGE_STANDARD = "gnu++0x";
				CLANG_CXX_LIBRARY = "libc++";
				CLANG_ENABLE_MODULES = YES;
				CLANG_ENABLE_OBJC_ARC = YES;
				CLANG_WARN_BOOL_CONVERSION = YES;
				CLANG_WARN_CONSTANT_CONVERSION = YES;
				CLANG_WARN_DIRECT_OBJC_ISA_USAGE = YES_ERROR;
				CLANG_WARN_EMPTY_BODY = YES;
				CLANG_WARN_ENUM_CONVERSION = YES;
				CLANG_WARN_INT_CONVERSION = YES;
				CLANG_WARN_OBJC_ROOT_CLASS = YES_ERROR;
				CLANG_WARN_UNREACHABLE_CODE = YES;
				CLANG_WARN__DUPLICATE_METHOD_MATCH = YES;
				"CODE_SIGN_IDENTITY[sdk=iphoneos*]" = "iPhone Developer";
				COPY_PHASE_STRIP = NO;
				CURRENT_PROJECT_VERSION = 1;
				DEBUG_INFORMATION_FORMAT = "dwarf-with-dsym";
				ENABLE_NS_ASSERTIONS = NO;
				ENABLE_STRICT_OBJC_MSGSEND = YES;
				GCC_C_LANGUAGE_STANDARD = gnu99;
				GCC_NO_COMMON_BLOCKS = YES;
				GCC_WARN_64_TO_32_BIT_CONVERSION = YES;
				GCC_WARN_ABOUT_RETURN_TYPE = YES_ERROR;
				GCC_WARN_UNDECLARED_SELECTOR = YES;
				GCC_WARN_UNINITIALIZED_AUTOS = YES_AGGRESSIVE;
				GCC_WARN_UNUSED_FUNCTION = YES;
				GCC_WARN_UNUSED_VARIABLE = YES;
				IPHONEOS_DEPLOYMENT_TARGET = 9.1;
				MTL_ENABLE_DEBUG_INFO = NO;
				SDKROOT = iphoneos;
				TARGETED_DEVICE_FAMILY = "1,2";
				VALIDATE_PRODUCT = YES;
				VERSIONING_SYSTEM = "apple-generic";
				VERSION_INFO_PREFIX = "";
			};
			name = Release;
		};
		83720E361BCB973700C8A14D /* Debug */ = {
			isa = XCBuildConfiguration;
			buildSettings = {
				CLANG_ENABLE_MODULES = YES;
				DEFINES_MODULE = YES;
				DYLIB_COMPATIBILITY_VERSION = 1;
				DYLIB_CURRENT_VERSION = 1;
				DYLIB_INSTALL_NAME_BASE = "@rpath";
				INFOPLIST_FILE = Source/Info.plist;
				INSTALL_PATH = "$(LOCAL_LIBRARY_DIR)/Frameworks";
				IPHONEOS_DEPLOYMENT_TARGET = 8.0;
				LD_RUNPATH_SEARCH_PATHS = "$(inherited) @executable_path/Frameworks @loader_path/Frameworks";
				PRODUCT_BUNDLE_IDENTIFIER = com.davidkeegan.KGNAutoLayout;
				PRODUCT_NAME = "$(TARGET_NAME)";
				SKIP_INSTALL = YES;
				SWIFT_OPTIMIZATION_LEVEL = "-Onone";
			};
			name = Debug;
		};
		83720E371BCB973700C8A14D /* Release */ = {
			isa = XCBuildConfiguration;
			buildSettings = {
				CLANG_ENABLE_MODULES = YES;
				DEFINES_MODULE = YES;
				DYLIB_COMPATIBILITY_VERSION = 1;
				DYLIB_CURRENT_VERSION = 1;
				DYLIB_INSTALL_NAME_BASE = "@rpath";
				INFOPLIST_FILE = Source/Info.plist;
				INSTALL_PATH = "$(LOCAL_LIBRARY_DIR)/Frameworks";
				IPHONEOS_DEPLOYMENT_TARGET = 8.0;
				LD_RUNPATH_SEARCH_PATHS = "$(inherited) @executable_path/Frameworks @loader_path/Frameworks";
				PRODUCT_BUNDLE_IDENTIFIER = com.davidkeegan.KGNAutoLayout;
				PRODUCT_NAME = "$(TARGET_NAME)";
				SKIP_INSTALL = YES;
			};
			name = Release;
		};
		83720E391BCB973700C8A14D /* Debug */ = {
			isa = XCBuildConfiguration;
			buildSettings = {
				INFOPLIST_FILE = Tests/Info.plist;
				IPHONEOS_DEPLOYMENT_TARGET = 8.0;
				LD_RUNPATH_SEARCH_PATHS = "$(inherited) @executable_path/Frameworks @loader_path/Frameworks";
				PRODUCT_BUNDLE_IDENTIFIER = com.davidkeegan.KGNAutoLayoutTests;
				PRODUCT_NAME = "$(TARGET_NAME)";
			};
			name = Debug;
		};
		83720E3A1BCB973700C8A14D /* Release */ = {
			isa = XCBuildConfiguration;
			buildSettings = {
				INFOPLIST_FILE = Tests/Info.plist;
				IPHONEOS_DEPLOYMENT_TARGET = 8.0;
				LD_RUNPATH_SEARCH_PATHS = "$(inherited) @executable_path/Frameworks @loader_path/Frameworks";
				PRODUCT_BUNDLE_IDENTIFIER = com.davidkeegan.KGNAutoLayoutTests;
				PRODUCT_NAME = "$(TARGET_NAME)";
			};
			name = Release;
		};
/* End XCBuildConfiguration section */

/* Begin XCConfigurationList section */
		83720E1B1BCB973700C8A14D /* Build configuration list for PBXProject "KGNAutoLayout" */ = {
			isa = XCConfigurationList;
			buildConfigurations = (
				83720E331BCB973700C8A14D /* Debug */,
				83720E341BCB973700C8A14D /* Release */,
			);
			defaultConfigurationIsVisible = 0;
			defaultConfigurationName = Release;
		};
		83720E351BCB973700C8A14D /* Build configuration list for PBXNativeTarget "KGNAutoLayout" */ = {
			isa = XCConfigurationList;
			buildConfigurations = (
				83720E361BCB973700C8A14D /* Debug */,
				83720E371BCB973700C8A14D /* Release */,
			);
			defaultConfigurationIsVisible = 0;
			defaultConfigurationName = Release;
		};
		83720E381BCB973700C8A14D /* Build configuration list for PBXNativeTarget "KGNAutoLayoutTests" */ = {
			isa = XCConfigurationList;
			buildConfigurations = (
				83720E391BCB973700C8A14D /* Debug */,
				83720E3A1BCB973700C8A14D /* Release */,
			);
			defaultConfigurationIsVisible = 0;
			defaultConfigurationName = Release;
		};
/* End XCConfigurationList section */
	};
	rootObject = 83720E181BCB973700C8A14D /* Project object */;
}
